
Microsoft Visual Studio Solution File, Format Version 12.00
# Visual Studio Version 17
VisualStudioVersion = 17.9.34607.119
MinimumVisualStudioVersion = 10.0.40219.1
Project("{9A19103F-16F7-4668-BE54-9A1E7A4F7556}") = "ConstructorInjection", "ConstructorInjection.csproj", "{EC3DAA9F-6203-4F2D-AACD-9C1487726760}"
EndProject
Global
	GlobalSection(SolutionConfigurationPlatforms) = preSolution
		Debug|Any CPU = Debug|Any CPU
		Release|Any CPU = Release|Any CPU
	EndGlobalSection
	GlobalSection(ProjectConfigurationPlatforms) = postSolution
		{EC3DAA9F-6203-4F2D-AACD-9C1487726760}.Debug|Any CPU.ActiveCfg = Debug|Any CPU
		{EC3DAA9F-6203-4F2D-AACD-9C1487726760}.Debug|Any CPU.Build.0 = Debug|Any CPU
		{EC3DAA9F-6203-4F2D-AACD-9C1487726760}.Release|Any CPU.ActiveCfg = Release|Any CPU
		{EC3DAA9F-6203-4F2D-AACD-9C1487726760}.Release|Any CPU.Build.0 = Release|Any CPU
	EndGlobalSection
	GlobalSection(SolutionProperties) = preSolution
		HideSolutionNode = FALSE
	EndGlobalSection
	GlobalSection(ExtensibilityGlobals) = postSolution
		SolutionGuid = {326B06A1-E91F-4D5B-BAF5-4DABECD51C2D}
	EndGlobalSection
EndGlobal
