
Microsoft Visual Studio Solution File, Format Version 12.00
# Visual Studio Version 17
VisualStudioVersion = 17.9.34607.119
MinimumVisualStudioVersion = 10.0.40219.1
Project("{FAE04EC0-301F-11D3-BF4B-00C04F79EFBC}") = "WebApiDemo", "WebApiDemo.csproj", "{84B62351-46DA-4A4A-B06B-71A343506FCC}"
EndProject
Project("{FAE04EC0-301F-11D3-BF4B-00C04F79EFBC}") = "CustomerDataAccess", "..\CustomerDataAccess\CustomerDataAccess.csproj", "{00A3C6E7-8600-42A0-902D-CDA0B022864A}"
EndProject
Global
	GlobalSection(SolutionConfigurationPlatforms) = preSolution
		Debug|Any CPU = Debug|Any CPU
		Release|Any CPU = Release|Any CPU
	EndGlobalSection
	GlobalSection(ProjectConfigurationPlatforms) = postSolution
		{84B62351-46DA-4A4A-B06B-71A343506FCC}.Debug|Any CPU.ActiveCfg = Debug|Any CPU
		{84B62351-46DA-4A4A-B06B-71A343506FCC}.Debug|Any CPU.Build.0 = Debug|Any CPU
		{84B62351-46DA-4A4A-B06B-71A343506FCC}.Release|Any CPU.ActiveCfg = Release|Any CPU
		{84B62351-46DA-4A4A-B06B-71A343506FCC}.Release|Any CPU.Build.0 = Release|Any CPU
		{00A3C6E7-8600-42A0-902D-CDA0B022864A}.Debug|Any CPU.ActiveCfg = Debug|Any CPU
		{00A3C6E7-8600-42A0-902D-CDA0B022864A}.Debug|Any CPU.Build.0 = Debug|Any CPU
		{00A3C6E7-8600-42A0-902D-CDA0B022864A}.Release|Any CPU.ActiveCfg = Release|Any CPU
		{00A3C6E7-8600-42A0-902D-CDA0B022864A}.Release|Any CPU.Build.0 = Release|Any CPU
	EndGlobalSection
	GlobalSection(SolutionProperties) = preSolution
		HideSolutionNode = FALSE
	EndGlobalSection
	GlobalSection(ExtensibilityGlobals) = postSolution
		SolutionGuid = {04B4794A-EFAE-461D-A639-3505E5E382D8}
	EndGlobalSection
EndGlobal
