
Microsoft Visual Studio Solution File, Format Version 12.00
# Visual Studio Version 17
VisualStudioVersion = 17.8.34511.84
MinimumVisualStudioVersion = 10.0.40219.1
Project("{FAE04EC0-301F-11D3-BF4B-00C04F79EFBC}") = "CodefirstWithExistingDatabse", "CodefirstWithExistingDatabse.csproj", "{65E1DBA9-F3FB-40E8-97EA-D216C56D7F14}"
EndProject
Global
	GlobalSection(SolutionConfigurationPlatforms) = preSolution
		Debug|Any CPU = Debug|Any CPU
		Release|Any CPU = Release|Any CPU
	EndGlobalSection
	GlobalSection(ProjectConfigurationPlatforms) = postSolution
		{65E1DBA9-F3FB-40E8-97EA-D216C56D7F14}.Debug|Any CPU.ActiveCfg = Debug|Any CPU
		{65E1DBA9-F3FB-40E8-97EA-D216C56D7F14}.Debug|Any CPU.Build.0 = Debug|Any CPU
		{65E1DBA9-F3FB-40E8-97EA-D216C56D7F14}.Release|Any CPU.ActiveCfg = Release|Any CPU
		{65E1DBA9-F3FB-40E8-97EA-D216C56D7F14}.Release|Any CPU.Build.0 = Release|Any CPU
	EndGlobalSection
	GlobalSection(SolutionProperties) = preSolution
		HideSolutionNode = FALSE
	EndGlobalSection
	GlobalSection(ExtensibilityGlobals) = postSolution
		SolutionGuid = {A2313652-B15E-4892-9491-1E47C46F4B1C}
	EndGlobalSection
EndGlobal
