
Microsoft Visual Studio Solution File, Format Version 12.00
# Visual Studio Version 17
VisualStudioVersion = 17.9.34607.119
MinimumVisualStudioVersion = 10.0.40219.1
Project("{FAE04EC0-301F-11D3-BF4B-00C04F79EFBC}") = "MethodInjection", "MethodInjection.csproj", "{602F5AF4-1B8A-461C-9C9E-2F14EA5A5D55}"
EndProject
Global
	GlobalSection(SolutionConfigurationPlatforms) = preSolution
		Debug|Any CPU = Debug|Any CPU
		Release|Any CPU = Release|Any CPU
	EndGlobalSection
	GlobalSection(ProjectConfigurationPlatforms) = postSolution
		{602F5AF4-1B8A-461C-9C9E-2F14EA5A5D55}.Debug|Any CPU.ActiveCfg = Debug|Any CPU
		{602F5AF4-1B8A-461C-9C9E-2F14EA5A5D55}.Debug|Any CPU.Build.0 = Debug|Any CPU
		{602F5AF4-1B8A-461C-9C9E-2F14EA5A5D55}.Release|Any CPU.ActiveCfg = Release|Any CPU
		{602F5AF4-1B8A-461C-9C9E-2F14EA5A5D55}.Release|Any CPU.Build.0 = Release|Any CPU
	EndGlobalSection
	GlobalSection(SolutionProperties) = preSolution
		HideSolutionNode = FALSE
	EndGlobalSection
	GlobalSection(ExtensibilityGlobals) = postSolution
		SolutionGuid = {875BA58E-BE44-4CCC-89E4-96A32CE09EAD}
	EndGlobalSection
EndGlobal
