
Microsoft Visual Studio Solution File, Format Version 12.00
# Visual Studio Version 17
VisualStudioVersion = 17.9.34607.119
MinimumVisualStudioVersion = 10.0.40219.1
Project("{FAE04EC0-301F-11D3-BF4B-00C04F79EFBC}") = "SingletonePatternDemo", "SingletonePatternDemo.csproj", "{A83C2318-661B-43C2-8C4C-E208594C4382}"
EndProject
Global
	GlobalSection(SolutionConfigurationPlatforms) = preSolution
		Debug|Any CPU = Debug|Any CPU
		Release|Any CPU = Release|Any CPU
	EndGlobalSection
	GlobalSection(ProjectConfigurationPlatforms) = postSolution
		{A83C2318-661B-43C2-8C4C-E208594C4382}.Debug|Any CPU.ActiveCfg = Debug|Any CPU
		{A83C2318-661B-43C2-8C4C-E208594C4382}.Debug|Any CPU.Build.0 = Debug|Any CPU
		{A83C2318-661B-43C2-8C4C-E208594C4382}.Release|Any CPU.ActiveCfg = Release|Any CPU
		{A83C2318-661B-43C2-8C4C-E208594C4382}.Release|Any CPU.Build.0 = Release|Any CPU
	EndGlobalSection
	GlobalSection(SolutionProperties) = preSolution
		HideSolutionNode = FALSE
	EndGlobalSection
	GlobalSection(ExtensibilityGlobals) = postSolution
		SolutionGuid = {CC9490D0-C116-4560-B65F-4B60C5A684C8}
	EndGlobalSection
EndGlobal
